
Microsoft Visual Studio Solution File, Format Version 12.00
# Visual Studio Version 17
VisualStudioVersion = 17.9.34728.123
MinimumVisualStudioVersion = 10.0.40219.1
Project("{FAE04EC0-301F-11D3-BF4B-00C04F79EFBC}") = "MpsServer", "MpsServer\MpsServer.csproj", "{EB8DCBDD-CF02-42ED-B993-902702372107}"
EndProject
Global
	GlobalSection(SolutionConfigurationPlatforms) = preSolution
		Debug|Any CPU = Debug|Any CPU
		Release|Any CPU = Release|Any CPU
	EndGlobalSection
	GlobalSection(ProjectConfigurationPlatforms) = postSolution
		{EB8DCBDD-CF02-42ED-B993-902702372107}.Debug|Any CPU.ActiveCfg = Debug|Any CPU
		{EB8DCBDD-CF02-42ED-B993-902702372107}.Debug|Any CPU.Build.0 = Debug|Any CPU
		{EB8DCBDD-CF02-42ED-B993-902702372107}.Release|Any CPU.ActiveCfg = Release|Any CPU
		{EB8DCBDD-CF02-42ED-B993-902702372107}.Release|Any CPU.Build.0 = Release|Any CPU
	EndGlobalSection
	GlobalSection(SolutionProperties) = preSolution
		HideSolutionNode = FALSE
	EndGlobalSection
	GlobalSection(ExtensibilityGlobals) = postSolution
		SolutionGuid = {2C92CDC0-45CF-4866-925E-B32E00C9265A}
	EndGlobalSection
EndGlobal
